
Microsoft Visual Studio Solution File, Format Version 12.00
# Visual Studio Version 17
VisualStudioVersion = 17.10.34928.147
MinimumVisualStudioVersion = 10.0.40219.1
Project("{FAE04EC0-301F-11D3-BF4B-00C04F79EFBC}") = "9-BestBattingMomentum", "9-BestBattingMomentum.csproj", "{C8AFF8D7-5E6E-49FC-9850-E2DC1CD68722}"
EndProject
Global
	GlobalSection(SolutionConfigurationPlatforms) = preSolution
		Debug|Any CPU = Debug|Any CPU
		Release|Any CPU = Release|Any CPU
	EndGlobalSection
	GlobalSection(ProjectConfigurationPlatforms) = postSolution
		{C8AFF8D7-5E6E-49FC-9850-E2DC1CD68722}.Debug|Any CPU.ActiveCfg = Debug|Any CPU
		{C8AFF8D7-5E6E-49FC-9850-E2DC1CD68722}.Debug|Any CPU.Build.0 = Debug|Any CPU
		{C8AFF8D7-5E6E-49FC-9850-E2DC1CD68722}.Release|Any CPU.ActiveCfg = Release|Any CPU
		{C8AFF8D7-5E6E-49FC-9850-E2DC1CD68722}.Release|Any CPU.Build.0 = Release|Any CPU
	EndGlobalSection
	GlobalSection(SolutionProperties) = preSolution
		HideSolutionNode = FALSE
	EndGlobalSection
	GlobalSection(ExtensibilityGlobals) = postSolution
		SolutionGuid = {8344D21D-6756-4945-B4E9-C2AE2349A68D}
	EndGlobalSection
EndGlobal
