
Microsoft Visual Studio Solution File, Format Version 12.00
# Visual Studio Version 17
VisualStudioVersion = 17.10.34928.147
MinimumVisualStudioVersion = 10.0.40219.1
Project("{FAE04EC0-301F-11D3-BF4B-00C04F79EFBC}") = "7-Enums-Iteration", "7-Enums-Iteration.csproj", "{64529FF1-6CAC-49D9-B6AB-9599F5E3F12D}"
EndProject
Global
	GlobalSection(SolutionConfigurationPlatforms) = preSolution
		Debug|Any CPU = Debug|Any CPU
		Release|Any CPU = Release|Any CPU
	EndGlobalSection
	GlobalSection(ProjectConfigurationPlatforms) = postSolution
		{64529FF1-6CAC-49D9-B6AB-9599F5E3F12D}.Debug|Any CPU.ActiveCfg = Debug|Any CPU
		{64529FF1-6CAC-49D9-B6AB-9599F5E3F12D}.Debug|Any CPU.Build.0 = Debug|Any CPU
		{64529FF1-6CAC-49D9-B6AB-9599F5E3F12D}.Release|Any CPU.ActiveCfg = Release|Any CPU
		{64529FF1-6CAC-49D9-B6AB-9599F5E3F12D}.Release|Any CPU.Build.0 = Release|Any CPU
	EndGlobalSection
	GlobalSection(SolutionProperties) = preSolution
		HideSolutionNode = FALSE
	EndGlobalSection
	GlobalSection(ExtensibilityGlobals) = postSolution
		SolutionGuid = {B26FD06E-4921-409A-BF0B-ACDA40F52F68}
	EndGlobalSection
EndGlobal
