
Microsoft Visual Studio Solution File, Format Version 12.00
# Visual Studio Version 17
VisualStudioVersion = 17.10.34928.147
MinimumVisualStudioVersion = 10.0.40219.1
Project("{FAE04EC0-301F-11D3-BF4B-00C04F79EFBC}") = "2-ValarMorghulisPrinter", "2-ValarMorghulisPrinter.csproj", "{69FB356B-A512-4C2C-AAC0-9CCC2DB6C6EB}"
EndProject
Global
	GlobalSection(SolutionConfigurationPlatforms) = preSolution
		Debug|Any CPU = Debug|Any CPU
		Release|Any CPU = Release|Any CPU
	EndGlobalSection
	GlobalSection(ProjectConfigurationPlatforms) = postSolution
		{69FB356B-A512-4C2C-AAC0-9CCC2DB6C6EB}.Debug|Any CPU.ActiveCfg = Debug|Any CPU
		{69FB356B-A512-4C2C-AAC0-9CCC2DB6C6EB}.Debug|Any CPU.Build.0 = Debug|Any CPU
		{69FB356B-A512-4C2C-AAC0-9CCC2DB6C6EB}.Release|Any CPU.ActiveCfg = Release|Any CPU
		{69FB356B-A512-4C2C-AAC0-9CCC2DB6C6EB}.Release|Any CPU.Build.0 = Release|Any CPU
	EndGlobalSection
	GlobalSection(SolutionProperties) = preSolution
		HideSolutionNode = FALSE
	EndGlobalSection
	GlobalSection(ExtensibilityGlobals) = postSolution
		SolutionGuid = {FAF2A4E6-AF21-4FFD-8B25-833BBEF9EC6B}
	EndGlobalSection
EndGlobal
