
Microsoft Visual Studio Solution File, Format Version 12.00
# Visual Studio Version 17
VisualStudioVersion = 17.10.34928.147
MinimumVisualStudioVersion = 10.0.40219.1
Project("{FAE04EC0-301F-11D3-BF4B-00C04F79EFBC}") = "11-JsonObjectSerialization", "11-JsonObjectSerialization.csproj", "{8A9E99CE-E98D-4CBF-87E5-F8A7E6F03CAF}"
EndProject
Global
	GlobalSection(SolutionConfigurationPlatforms) = preSolution
		Debug|Any CPU = Debug|Any CPU
		Release|Any CPU = Release|Any CPU
	EndGlobalSection
	GlobalSection(ProjectConfigurationPlatforms) = postSolution
		{8A9E99CE-E98D-4CBF-87E5-F8A7E6F03CAF}.Debug|Any CPU.ActiveCfg = Debug|Any CPU
		{8A9E99CE-E98D-4CBF-87E5-F8A7E6F03CAF}.Debug|Any CPU.Build.0 = Debug|Any CPU
		{8A9E99CE-E98D-4CBF-87E5-F8A7E6F03CAF}.Release|Any CPU.ActiveCfg = Release|Any CPU
		{8A9E99CE-E98D-4CBF-87E5-F8A7E6F03CAF}.Release|Any CPU.Build.0 = Release|Any CPU
	EndGlobalSection
	GlobalSection(SolutionProperties) = preSolution
		HideSolutionNode = FALSE
	EndGlobalSection
	GlobalSection(ExtensibilityGlobals) = postSolution
		SolutionGuid = {DD682C5B-4939-4808-AFF3-3501E2A9EB75}
	EndGlobalSection
EndGlobal
